Microsoft Visual Studio Solution File, Format Version 12.00
# Visual Studio Version 17
VisualStudioVersion = 17.5.2.0
MinimumVisualStudioVersion = 10.0.40219.1
Project("{FAE04EC0-301F-11D3-BF4B-00C04F79EFBC}") = "EmotionInstructor", "EmotionInstructor\EmotionInstructor.csproj", "{44207BD6-FFE4-3BCD-093D-B334F424C422}"
EndProject
Global
	GlobalSection(SolutionConfigurationPlatforms) = preSolution
		Debug|Any CPU = Debug|Any CPU
		Release|Any CPU = Release|Any CPU
	EndGlobalSection
	GlobalSection(ProjectConfigurationPlatforms) = postSolution
		{44207BD6-FFE4-3BCD-093D-B334F424C422}.Debug|Any CPU.ActiveCfg = Debug|Any CPU
		{44207BD6-FFE4-3BCD-093D-B334F424C422}.Debug|Any CPU.Build.0 = Debug|Any CPU
		{44207BD6-FFE4-3BCD-093D-B334F424C422}.Release|Any CPU.ActiveCfg = Release|Any CPU
		{44207BD6-FFE4-3BCD-093D-B334F424C422}.Release|Any CPU.Build.0 = Release|Any CPU
	EndGlobalSection
	GlobalSection(SolutionProperties) = preSolution
		HideSolutionNode = FALSE
	EndGlobalSection
	GlobalSection(ExtensibilityGlobals) = postSolution
		SolutionGuid = {DE2611DA-E84A-4B2D-9049-5E6E2251D2F8}
	EndGlobalSection
EndGlobal
